{
    "version": 3,
    "terraform_version": "0.11.1",
    "serial": 10,
    "lineage": "43ee5dea-5cf4-4544-9105-233db08c81d0",
    "modules": [
        {
            "path": [
                "root"
            ],
            "outputs": {},
            "resources": {
                "aws_instance.simpsons_box": {
                    "type": "aws_instance",
                    "depends_on": [],
                    "primary": {
                        "id": "i-087db38ba162da7da",
                        "attributes": {
                            "ami": "ami-452f9421",
                            "associate_public_ip_address": "true",
                            "availability_zone": "ca-central-1a",
                            "disable_api_termination": "false",
                            "ebs_block_device.#": "0",
                            "ebs_optimized": "false",
                            "ephemeral_block_device.#": "0",
                            "iam_instance_profile": "",
                            "id": "i-087db38ba162da7da",
                            "instance_state": "running",
                            "instance_type": "m4.xlarge",
                            "ipv6_addresses.#": "0",
                            "key_name": "key_CAN",
                            "monitoring": "false",
                            "network_interface.#": "0",
                            "network_interface_id": "eni-432e8b1c",
                            "placement_group": "",
                            "primary_network_interface_id": "eni-432e8b1c",
                            "private_dns": "ip-172-31-29-36.ca-central-1.compute.internal",
                            "private_ip": "172.31.29.36",
                            "public_dns": "ec2-35-182-253-241.ca-central-1.compute.amazonaws.com",
                            "public_ip": "35.182.253.241",
                            "root_block_device.#": "1",
                            "root_block_device.0.delete_on_termination": "true",
                            "root_block_device.0.iops": "100",
                            "root_block_device.0.volume_size": "30",
                            "root_block_device.0.volume_type": "gp2",
                            "security_groups.#": "1",
                            "security_groups.725848869": "apt-1",
                            "source_dest_check": "true",
                            "subnet_id": "subnet-cc39e8a5",
                            "tags.%": "1",
                            "tags.Name": "simpsons_box_ca",
                            "tenancy": "default",
                            "volume_tags.%": "0",
                            "vpc_security_group_ids.#": "0"
                        },
                        "meta": {
                            "e2bfb730-ecaa-11e6-8f88-34363bc7c4c0": {
                                "create": 600000000000,
                                "delete": 600000000000,
                                "update": 600000000000
                            },
                            "schema_version": "1"
                        },
                        "tainted": false
                    },
                    "deposed": [],
                    "provider": "provider.aws.canada-1"
                }
            },
            "depends_on": []
        }
    ]
}
